
Microsoft Visual Studio Solution File, Format Version 12.00
# Visual Studio Version 17
VisualStudioVersion = 17.14.36518.9 d17.14
MinimumVisualStudioVersion = 10.0.40219.1
Project("{FAE04EC0-301F-11D3-BF4B-00C04F79EFBC}") = "Dinu_Alexandra_Lab2", "Dinu_Alexandra_Lab2.csproj", "{80E9243E-0910-43D6-A437-B2127D473C50}"
EndProject
Global
	GlobalSection(SolutionConfigurationPlatforms) = preSolution
		Debug|Any CPU = Debug|Any CPU
		Release|Any CPU = Release|Any CPU
	EndGlobalSection
	GlobalSection(ProjectConfigurationPlatforms) = postSolution
		{80E9243E-0910-43D6-A437-B2127D473C50}.Debug|Any CPU.ActiveCfg = Debug|Any CPU
		{80E9243E-0910-43D6-A437-B2127D473C50}.Debug|Any CPU.Build.0 = Debug|Any CPU
		{80E9243E-0910-43D6-A437-B2127D473C50}.Release|Any CPU.ActiveCfg = Release|Any CPU
		{80E9243E-0910-43D6-A437-B2127D473C50}.Release|Any CPU.Build.0 = Release|Any CPU
	EndGlobalSection
	GlobalSection(SolutionProperties) = preSolution
		HideSolutionNode = FALSE
	EndGlobalSection
	GlobalSection(ExtensibilityGlobals) = postSolution
		SolutionGuid = {EC56BB89-9C28-4892-9FC2-D8D22AE7B44E}
	EndGlobalSection
EndGlobal
